
Microsoft Visual Studio Solution File, Format Version 12.00
# Visual Studio Version 17
VisualStudioVersion = 17.1.32421.90
MinimumVisualStudioVersion = 10.0.40219.1
Project("{FAE04EC0-301F-11D3-BF4B-00C04F79EFBC}") = "teste_flap", "teste_flap\teste_flap.csproj", "{68E44FD6-B405-4734-872A-2C590F53BBBE}"
EndProject
Global
	GlobalSection(SolutionConfigurationPlatforms) = preSolution
		Debug|Any CPU = Debug|Any CPU
		Release|Any CPU = Release|Any CPU
	EndGlobalSection
	GlobalSection(ProjectConfigurationPlatforms) = postSolution
		{68E44FD6-B405-4734-872A-2C590F53BBBE}.Debug|Any CPU.ActiveCfg = Debug|Any CPU
		{68E44FD6-B405-4734-872A-2C590F53BBBE}.Debug|Any CPU.Build.0 = Debug|Any CPU
		{68E44FD6-B405-4734-872A-2C590F53BBBE}.Release|Any CPU.ActiveCfg = Release|Any CPU
		{68E44FD6-B405-4734-872A-2C590F53BBBE}.Release|Any CPU.Build.0 = Release|Any CPU
	EndGlobalSection
	GlobalSection(SolutionProperties) = preSolution
		HideSolutionNode = FALSE
	EndGlobalSection
	GlobalSection(ExtensibilityGlobals) = postSolution
		SolutionGuid = {31133DED-6DC2-405F-86AE-AD0B45A80DB5}
	EndGlobalSection
EndGlobal
